
Microsoft Visual Studio Solution File, Format Version 12.00
Project("{FAE04EC0-301F-11D3-BF4B-00C04F79EFBC}") = "WebApplication2", "WebApplication2\WebApplication2.csproj", "{FFB9ED1D-7223-487B-AE32-7194A28674BE}"
EndProject
Global
	GlobalSection(SolutionConfigurationPlatforms) = preSolution
		Debug|Any CPU = Debug|Any CPU
		Release|Any CPU = Release|Any CPU
	EndGlobalSection
	GlobalSection(ProjectConfigurationPlatforms) = postSolution
		{FFB9ED1D-7223-487B-AE32-7194A28674BE}.Debug|Any CPU.ActiveCfg = Debug|Any CPU
		{FFB9ED1D-7223-487B-AE32-7194A28674BE}.Debug|Any CPU.Build.0 = Debug|Any CPU
		{FFB9ED1D-7223-487B-AE32-7194A28674BE}.Release|Any CPU.ActiveCfg = Release|Any CPU
		{FFB9ED1D-7223-487B-AE32-7194A28674BE}.Release|Any CPU.Build.0 = Release|Any CPU
	EndGlobalSection
EndGlobal
